
Microsoft Visual Studio Solution File, Format Version 12.00
# Visual Studio Version 17
VisualStudioVersion = 17.14.36511.14 d17.14
MinimumVisualStudioVersion = 10.0.40219.1
Project("{8BC9CEB8-8B4A-11D0-8D11-00A0C91BC942}") = "Lesson42", "Lesson42\Lesson42.vcxproj", "{CD012419-2C12-4FCE-8212-16241796EF1B}"
EndProject
Project("{8BC9CEB8-8B4A-11D0-8D11-00A0C91BC942}") = "Task02", "Task02\Task02.vcxproj", "{A6A90363-5E7D-4821-8A30-A4678B877560}"
EndProject
Project("{8BC9CEB8-8B4A-11D0-8D11-00A0C91BC942}") = "Task03", "Task03\Task03.vcxproj", "{E7190692-03D4-4B0F-BF27-C162FF7CA057}"
EndProject
Global
	GlobalSection(SolutionConfigurationPlatforms) = preSolution
		Debug|x64 = Debug|x64
		Debug|x86 = Debug|x86
		Release|x64 = Release|x64
		Release|x86 = Release|x86
	EndGlobalSection
	GlobalSection(ProjectConfigurationPlatforms) = postSolution
		{CD012419-2C12-4FCE-8212-16241796EF1B}.Debug|x64.ActiveCfg = Debug|x64
		{CD012419-2C12-4FCE-8212-16241796EF1B}.Debug|x64.Build.0 = Debug|x64
		{CD012419-2C12-4FCE-8212-16241796EF1B}.Debug|x86.ActiveCfg = Debug|Win32
		{CD012419-2C12-4FCE-8212-16241796EF1B}.Debug|x86.Build.0 = Debug|Win32
		{CD012419-2C12-4FCE-8212-16241796EF1B}.Release|x64.ActiveCfg = Release|x64
		{CD012419-2C12-4FCE-8212-16241796EF1B}.Release|x64.Build.0 = Release|x64
		{CD012419-2C12-4FCE-8212-16241796EF1B}.Release|x86.ActiveCfg = Release|Win32
		{CD012419-2C12-4FCE-8212-16241796EF1B}.Release|x86.Build.0 = Release|Win32
		{A6A90363-5E7D-4821-8A30-A4678B877560}.Debug|x64.ActiveCfg = Debug|x64
		{A6A90363-5E7D-4821-8A30-A4678B877560}.Debug|x64.Build.0 = Debug|x64
		{A6A90363-5E7D-4821-8A30-A4678B877560}.Debug|x86.ActiveCfg = Debug|Win32
		{A6A90363-5E7D-4821-8A30-A4678B877560}.Debug|x86.Build.0 = Debug|Win32
		{A6A90363-5E7D-4821-8A30-A4678B877560}.Release|x64.ActiveCfg = Release|x64
		{A6A90363-5E7D-4821-8A30-A4678B877560}.Release|x64.Build.0 = Release|x64
		{A6A90363-5E7D-4821-8A30-A4678B877560}.Release|x86.ActiveCfg = Release|Win32
		{A6A90363-5E7D-4821-8A30-A4678B877560}.Release|x86.Build.0 = Release|Win32
		{E7190692-03D4-4B0F-BF27-C162FF7CA057}.Debug|x64.ActiveCfg = Debug|x64
		{E7190692-03D4-4B0F-BF27-C162FF7CA057}.Debug|x64.Build.0 = Debug|x64
		{E7190692-03D4-4B0F-BF27-C162FF7CA057}.Debug|x86.ActiveCfg = Debug|Win32
		{E7190692-03D4-4B0F-BF27-C162FF7CA057}.Debug|x86.Build.0 = Debug|Win32
		{E7190692-03D4-4B0F-BF27-C162FF7CA057}.Release|x64.ActiveCfg = Release|x64
		{E7190692-03D4-4B0F-BF27-C162FF7CA057}.Release|x64.Build.0 = Release|x64
		{E7190692-03D4-4B0F-BF27-C162FF7CA057}.Release|x86.ActiveCfg = Release|Win32
		{E7190692-03D4-4B0F-BF27-C162FF7CA057}.Release|x86.Build.0 = Release|Win32
	EndGlobalSection
	GlobalSection(SolutionProperties) = preSolution
		HideSolutionNode = FALSE
	EndGlobalSection
	GlobalSection(ExtensibilityGlobals) = postSolution
		SolutionGuid = {795DEBD0-DF0B-429D-8A6A-63C5451947FA}
	EndGlobalSection
EndGlobal
